{
    "_meta": {
        "hash": {
            "sha256": "9e925eae757f2c97527ba244753877a43b99e32bb632479c84cff2aa65bd7867"
        },
        "pipfile-spec": 6,
        "requires": {
            "python_version": "3"
        },
        "sources": [
            {
                "name": "pypi",
                "url": "https://pypi.org/simple",
                "verify_ssl": true
            }
        ]
    },
    "default": {
        "rpi.gpio": {
            "hashes": [
                "sha256:15311d3b063b71dee738cd26570effc9985a952454d162937c34e08c0fc99902",
                "sha256:26b2ade4bb353bbe5417a64e40b45cdf00a82f27c2d320c0dd46c59751959d77",
                "sha256:29226823da8b5ccb9001d795a944f2e00924eeae583490f0bc7317581172c624",
                "sha256:57b6c044ef5375a78c8dda27cdfadf329e76aa6943cd6cffbbbd345a9adf9ca5",
                "sha256:77afb817b81331ce3049a4b8f94a85e41b7c404d8e56b61ac0f1eb75c3120868",
                "sha256:96ea7e5bf6bf592828487bfa7d3d1d0e432d5d1682e9e33b4dab398914628fcd",
                "sha256:b86b66dc02faa5461b443a1e1f0c1d209d64ab5229696f32fb3b0215e0600c8c",
                "sha256:cd61c4b03c37b62bba4a5acfea9862749c33c618e0295e7e90aa4713fb373b70"
            ],
            "version": "==0.7.1"
        }
    },
    "develop": {
        "appdirs": {
            "hashes": [
                "sha256:7d5d0167b2b1ba821647616af46a749d1c653740dd0d2415100fe26e27afdf41",
                "sha256:a841dacd6b99318a741b166adb07e19ee71a274450e68237b4650ca1055ab128"
            ],
            "version": "==1.4.4"
        },
        "astroid": {
            "hashes": [
                "sha256:1aa149fc5c6589e3d0ece885b4491acd80af4f087baafa3fb5203b113e68cd3c",
                "sha256:6c107453dffee9055899705de3c9ead36e74119cee151e5a9aaf7f0b0e020a6a"
            ],
            "markers": "python_full_version >= '3.7.2'",
            "version": "==2.15.8"
        },
        "attrs": {
            "hashes": [
                "sha256:1f28b4522cdc2fb4256ac1a020c78acf9cba2c6b461ccd2c126f3aa8e8335d04",
                "sha256:6279836d581513a26f1bf235f9acd333bc9115683f14f7e8fae46c98fc50e015"
            ],
            "markers": "python_version >= '3.7'",
            "version": "==23.1.0"
        },
        "black": {
            "hashes": [
                "sha256:2818cf72dfd5d289e48f37ccfa08b460bf469e67fb7c4abb07edc2e9f16fb63f",
                "sha256:41622020d7120e01d377f74249e677039d20e6344ff5851de8a10f11f513bf93",
                "sha256:4acf672def7eb1725f41f38bf6bf425c8237248bb0804faa3965c036f7672d11",
                "sha256:4be5bb28e090456adfc1255e03967fb67ca846a03be7aadf6249096100ee32d0",
                "sha256:4f1373a7808a8f135b774039f61d59e4be7eb56b2513d3d2f02a8b9365b8a8a9",
                "sha256:56f52cfbd3dabe2798d76dbdd299faa046a901041faf2cf33288bc4e6dae57b5",
                "sha256:65b76c275e4c1c5ce6e9870911384bff5ca31ab63d19c76811cb1fb162678213",
                "sha256:65c02e4ea2ae09d16314d30912a58ada9a5c4fdfedf9512d23326128ac08ac3d",
                "sha256:6905238a754ceb7788a73f02b45637d820b2f5478b20fec82ea865e4f5d4d9f7",
                "sha256:79dcf34b33e38ed1b17434693763301d7ccbd1c5860674a8f871bd15139e7837",
                "sha256:7bb041dca0d784697af4646d3b62ba4a6b028276ae878e53f6b4f74ddd6db99f",
                "sha256:7d5e026f8da0322b5662fa7a8e752b3fa2dac1c1cbc213c3d7ff9bdd0ab12395",
                "sha256:9f50ea1132e2189d8dff0115ab75b65590a3e97de1e143795adb4ce317934995",
                "sha256:a0c9c4a0771afc6919578cec71ce82a3e31e054904e7197deacbc9382671c41f",
                "sha256:aadf7a02d947936ee418777e0247ea114f78aff0d0959461057cae8a04f20597",
                "sha256:b5991d523eee14756f3c8d5df5231550ae8993e2286b8014e2fdea7156ed0959",
                "sha256:bf21b7b230718a5f08bd32d5e4f1db7fc8788345c8aea1d155fc17852b3410f5",
                "sha256:c45f8dff244b3c431b36e3224b6be4a127c6aca780853574c00faf99258041eb",
                "sha256:c7ed6668cbbfcd231fa0dc1b137d3e40c04c7f786e626b405c62bcd5db5857e4",
                "sha256:d7de8d330763c66663661a1ffd432274a2f92f07feeddd89ffd085b5744f85e7",
                "sha256:e19cb1c6365fd6dc38a6eae2dcb691d7d83935c10215aef8e6c38edee3f77abd",
                "sha256:e2af80566f43c85f5797365077fb64a393861a3730bd110971ab7a0c94e873e7"
            ],
            "index": "pypi",
            "markers": "python_version >= '3.8'",
            "version": "==24.3.0"
        },
        "certifi": {
            "hashes": [
                "sha256:0569859f95fc761b18b45ef421b1290a0f65f147e92a1e5eb3e635f9a5e4e66f",
                "sha256:dc383c07b76109f368f6106eee2b593b04a011ea4d55f652c6ca24a754d1cdd1"
            ],
            "markers": "python_version >= '3.6'",
            "version": "==2024.2.2"
        },
        "charset-normalizer": {
            "hashes": [
                "sha256:06435b539f889b1f6f4ac1758871aae42dc3a8c0e24ac9e60c2384973ad73027",
                "sha256:06a81e93cd441c56a9b65d8e1d043daeb97a3d0856d177d5c90ba85acb3db087",
                "sha256:0a55554a2fa0d408816b3b5cedf0045f4b8e1a6065aec45849de2d6f3f8e9786",
                "sha256:0b2b64d2bb6d3fb9112bafa732def486049e63de9618b5843bcdd081d8144cd8",
                "sha256:10955842570876604d404661fbccbc9c7e684caf432c09c715ec38fbae45ae09",
                "sha256:122c7fa62b130ed55f8f285bfd56d5f4b4a5b503609d181f9ad85e55c89f4185",
                "sha256:1ceae2f17a9c33cb48e3263960dc5fc8005351ee19db217e9b1bb15d28c02574",
                "sha256:1d3193f4a680c64b4b6a9115943538edb896edc190f0b222e73761716519268e",
                "sha256:1f79682fbe303db92bc2b1136016a38a42e835d932bab5b3b1bfcfbf0640e519",
                "sha256:2127566c664442652f024c837091890cb1942c30937add288223dc895793f898",
                "sha256:22afcb9f253dac0696b5a4be4a1c0f8762f8239e21b99680099abd9b2b1b2269",
                "sha256:25baf083bf6f6b341f4121c2f3c548875ee6f5339300e08be3f2b2ba1721cdd3",
                "sha256:2e81c7b9c8979ce92ed306c249d46894776a909505d8f5a4ba55b14206e3222f",
                "sha256:3287761bc4ee9e33561a7e058c72ac0938c4f57fe49a09eae428fd88aafe7bb6",
                "sha256:34d1c8da1e78d2e001f363791c98a272bb734000fcef47a491c1e3b0505657a8",
                "sha256:37e55c8e51c236f95b033f6fb391d7d7970ba5fe7ff453dad675e88cf303377a",
                "sha256:3d47fa203a7bd9c5b6cee4736ee84ca03b8ef23193c0d1ca99b5089f72645c73",
                "sha256:3e4d1f6587322d2788836a99c69062fbb091331ec940e02d12d179c1d53e25fc",
                "sha256:42cb296636fcc8b0644486d15c12376cb9fa75443e00fb25de0b8602e64c1714",
                "sha256:45485e01ff4d3630ec0d9617310448a8702f70e9c01906b0d0118bdf9d124cf2",
                "sha256:4a78b2b446bd7c934f5dcedc588903fb2f5eec172f3d29e52a9096a43722adfc",
                "sha256:4ab2fe47fae9e0f9dee8c04187ce5d09f48eabe611be8259444906793ab7cbce",
                "sha256:4d0d1650369165a14e14e1e47b372cfcb31d6ab44e6e33cb2d4e57265290044d",
                "sha256:549a3a73da901d5bc3ce8d24e0600d1fa85524c10287f6004fbab87672bf3e1e",
                "sha256:55086ee1064215781fff39a1af09518bc9255b50d6333f2e4c74ca09fac6a8f6",
                "sha256:572c3763a264ba47b3cf708a44ce965d98555f618ca42c926a9c1616d8f34269",
                "sha256:573f6eac48f4769d667c4442081b1794f52919e7edada77495aaed9236d13a96",
                "sha256:5b4c145409bef602a690e7cfad0a15a55c13320ff7a3ad7ca59c13bb8ba4d45d",
                "sha256:6463effa3186ea09411d50efc7d85360b38d5f09b870c48e4600f63af490e56a",
                "sha256:65f6f63034100ead094b8744b3b97965785388f308a64cf8d7c34f2f2e5be0c4",
                "sha256:663946639d296df6a2bb2aa51b60a2454ca1cb29835324c640dafb5ff2131a77",
                "sha256:6897af51655e3691ff853668779c7bad41579facacf5fd7253b0133308cf000d",
                "sha256:68d1f8a9e9e37c1223b656399be5d6b448dea850bed7d0f87a8311f1ff3dabb0",
                "sha256:6ac7ffc7ad6d040517be39eb591cac5ff87416c2537df6ba3cba3bae290c0fed",
                "sha256:6b3251890fff30ee142c44144871185dbe13b11bab478a88887a639655be1068",
                "sha256:6c4caeef8fa63d06bd437cd4bdcf3ffefe6738fb1b25951440d80dc7df8c03ac",
                "sha256:6ef1d82a3af9d3eecdba2321dc1b3c238245d890843e040e41e470ffa64c3e25",
                "sha256:753f10e867343b4511128c6ed8c82f7bec3bd026875576dfd88483c5c73b2fd8",
                "sha256:7cd13a2e3ddeed6913a65e66e94b51d80a041145a026c27e6bb76c31a853c6ab",
                "sha256:7ed9e526742851e8d5cc9e6cf41427dfc6068d4f5a3bb03659444b4cabf6bc26",
                "sha256:7f04c839ed0b6b98b1a7501a002144b76c18fb1c1850c8b98d458ac269e26ed2",
                "sha256:802fe99cca7457642125a8a88a084cef28ff0cf9407060f7b93dca5aa25480db",
                "sha256:80402cd6ee291dcb72644d6eac93785fe2c8b9cb30893c1af5b8fdd753b9d40f",
                "sha256:8465322196c8b4d7ab6d1e049e4c5cb460d0394da4a27d23cc242fbf0034b6b5",
                "sha256:86216b5cee4b06df986d214f664305142d9c76df9b6512be2738aa72a2048f99",
                "sha256:87d1351268731db79e0f8e745d92493ee2841c974128ef629dc518b937d9194c",
                "sha256:8bdb58ff7ba23002a4c5808d608e4e6c687175724f54a5dade5fa8c67b604e4d",
                "sha256:8c622a5fe39a48f78944a87d4fb8a53ee07344641b0562c540d840748571b811",
                "sha256:8d756e44e94489e49571086ef83b2bb8ce311e730092d2c34ca8f7d925cb20aa",
                "sha256:8f4a014bc36d3c57402e2977dada34f9c12300af536839dc38c0beab8878f38a",
                "sha256:9063e24fdb1e498ab71cb7419e24622516c4a04476b17a2dab57e8baa30d6e03",
                "sha256:90d558489962fd4918143277a773316e56c72da56ec7aa3dc3dbbe20fdfed15b",
                "sha256:923c0c831b7cfcb071580d3f46c4baf50f174be571576556269530f4bbd79d04",
                "sha256:95f2a5796329323b8f0512e09dbb7a1860c46a39da62ecb2324f116fa8fdc85c",
                "sha256:96b02a3dc4381e5494fad39be677abcb5e6634bf7b4fa83a6dd3112607547001",
                "sha256:9f96df6923e21816da7e0ad3fd47dd8f94b2a5ce594e00677c0013018b813458",
                "sha256:a10af20b82360ab00827f916a6058451b723b4e65030c5a18577c8b2de5b3389",
                "sha256:a50aebfa173e157099939b17f18600f72f84eed3049e743b68ad15bd69b6bf99",
                "sha256:a981a536974bbc7a512cf44ed14938cf01030a99e9b3a06dd59578882f06f985",
                "sha256:a9a8e9031d613fd2009c182b69c7b2c1ef8239a0efb1df3f7c8da66d5dd3d537",
                "sha256:ae5f4161f18c61806f411a13b0310bea87f987c7d2ecdbdaad0e94eb2e404238",
                "sha256:aed38f6e4fb3f5d6bf81bfa990a07806be9d83cf7bacef998ab1a9bd660a581f",
                "sha256:b01b88d45a6fcb69667cd6d2f7a9aeb4bf53760d7fc536bf679ec94fe9f3ff3d",
                "sha256:b261ccdec7821281dade748d088bb6e9b69e6d15b30652b74cbbac25e280b796",
                "sha256:b2b0a0c0517616b6869869f8c581d4eb2dd83a4d79e0ebcb7d373ef9956aeb0a",
                "sha256:b4a23f61ce87adf89be746c8a8974fe1c823c891d8f86eb218bb957c924bb143",
                "sha256:bd8f7df7d12c2db9fab40bdd87a7c09b1530128315d047a086fa3ae3435cb3a8",
                "sha256:beb58fe5cdb101e3a055192ac291b7a21e3b7ef4f67fa1d74e331a7f2124341c",
                "sha256:c002b4ffc0be611f0d9da932eb0f704fe2602a9a949d1f738e4c34c75b0863d5",
                "sha256:c083af607d2515612056a31f0a8d9e0fcb5876b7bfc0abad3ecd275bc4ebc2d5",
                "sha256:c180f51afb394e165eafe4ac2936a14bee3eb10debc9d9e4db8958fe36afe711",
                "sha256:c235ebd9baae02f1b77bcea61bce332cb4331dc3617d254df3323aa01ab47bd4",
                "sha256:cd70574b12bb8a4d2aaa0094515df2463cb429d8536cfb6c7ce983246983e5a6",
                "sha256:d0eccceffcb53201b5bfebb52600a5fb483a20b61da9dbc885f8b103cbe7598c",
                "sha256:d965bba47ddeec8cd560687584e88cf699fd28f192ceb452d1d7ee807c5597b7",
                "sha256:db364eca23f876da6f9e16c9da0df51aa4f104a972735574842618b8c6d999d4",
                "sha256:ddbb2551d7e0102e7252db79ba445cdab71b26640817ab1e3e3648dad515003b",
                "sha256:deb6be0ac38ece9ba87dea880e438f25ca3eddfac8b002a2ec3d9183a454e8ae",
                "sha256:e06ed3eb3218bc64786f7db41917d4e686cc4856944f53d5bdf83a6884432e12",
                "sha256:e27ad930a842b4c5eb8ac0016b0a54f5aebbe679340c26101df33424142c143c",
                "sha256:e537484df0d8f426ce2afb2d0f8e1c3d0b114b83f8850e5f2fbea0e797bd82ae",
                "sha256:eb00ed941194665c332bf8e078baf037d6c35d7c4f3102ea2d4f16ca94a26dc8",
                "sha256:eb6904c354526e758fda7167b33005998fb68c46fbc10e013ca97f21ca5c8887",
                "sha256:eb8821e09e916165e160797a6c17edda0679379a4be5c716c260e836e122f54b",
                "sha256:efcb3f6676480691518c177e3b465bcddf57cea040302f9f4e6e191af91174d4",
                "sha256:f27273b60488abe721a075bcca6d7f3964f9f6f067c8c4c605743023d7d3944f",
                "sha256:f30c3cb33b24454a82faecaf01b19c18562b1e89558fb6c56de4d9118a032fd5",
                "sha256:fb69256e180cb6c8a894fee62b3afebae785babc1ee98b81cdf68bbca1987f33",
                "sha256:fd1abc0d89e30cc4e02e4064dc67fcc51bd941eb395c502aac3ec19fab46b519",
                "sha256:ff8fa367d09b717b2a17a052544193ad76cd49979c805768879cb63d9ca50561"
            ],
            "markers": "python_full_version >= '3.7.0'",
            "version": "==3.3.2"
        },
        "click": {
            "hashes": [
                "sha256:ae74fb96c20a0277a1d615f1e4d73c8414f5a98db8b799a7931d1582f3390c28",
                "sha256:ca9853ad459e787e2192211578cc907e7594e294c7ccc834310722b41b9ca6de"
            ],
            "markers": "python_version >= '3.7'",
            "version": "==8.1.7"
        },
        "docutils": {
            "hashes": [
                "sha256:96f387a2c5562db4476f09f13bbab2192e764cac08ebbf3a34a95d9b1e4a59d6",
                "sha256:f08a4e276c3a1583a86dce3e34aba3fe04d02bba2dd51ed16106244e8a923e3b"
            ],
            "markers": "python_version >= '3.7'",
            "version": "==0.20.1"
        },
        "entrypoints": {
            "hashes": [
                "sha256:589f874b313739ad35be6e0cd7efde2a4e9b6fea91edcc34e58ecbb8dbe56d19",
                "sha256:c70dd71abe5a8c85e55e12c19bd91ccfeec11a6e99044204511f9ed547d48451"
            ],
            "markers": "python_version >= '2.7'",
            "version": "==0.3"
        },
        "flake8": {
            "hashes": [
                "sha256:19241c1cbc971b9962473e4438a2ca19749a7dd002dd1a946eaba171b4114548",
                "sha256:8e9dfa3cecb2400b3738a42c54c3043e821682b9c840b0448c0503f781130696"
            ],
            "index": "pypi",
            "markers": "python_version >= '2.7' and python_version not in '3.0, 3.1, 3.2, 3.3'",
            "version": "==3.7.8"
        },
        "idna": {
            "hashes": [
                "sha256:028ff3aadf0609c1fd278d8ea3089299412a7a8b9bd005dd08b9f8285bcb5cfc",
                "sha256:82fee1fc78add43492d3a1898bfa6d8a904cc97d8427f683ed8e798d07761aa0"
            ],
            "markers": "python_version >= '3.5'",
            "version": "==3.7"
        },
        "isort": {
            "hashes": [
                "sha256:54da7e92468955c4fceacd0c86bd0ec997b0e1ee80d97f67c35a78b719dccab1",
                "sha256:6e811fcb295968434526407adb8796944f1988c5b65e8139058f2014cbe100fd"
            ],
            "markers": "python_version >= '2.7' and python_version not in '3.0, 3.1, 3.2, 3.3'",
            "version": "==4.3.21"
        },
        "lazy-object-proxy": {
            "hashes": [
                "sha256:09763491ce220c0299688940f8dc2c5d05fd1f45af1e42e636b2e8b2303e4382",
                "sha256:0a891e4e41b54fd5b8313b96399f8b0e173bbbfc03c7631f01efbe29bb0bcf82",
                "sha256:189bbd5d41ae7a498397287c408617fe5c48633e7755287b21d741f7db2706a9",
                "sha256:18b78ec83edbbeb69efdc0e9c1cb41a3b1b1ed11ddd8ded602464c3fc6020494",
                "sha256:1aa3de4088c89a1b69f8ec0dcc169aa725b0ff017899ac568fe44ddc1396df46",
                "sha256:212774e4dfa851e74d393a2370871e174d7ff0ebc980907723bb67d25c8a7c30",
                "sha256:2d0daa332786cf3bb49e10dc6a17a52f6a8f9601b4cf5c295a4f85854d61de63",
                "sha256:5f83ac4d83ef0ab017683d715ed356e30dd48a93746309c8f3517e1287523ef4",
                "sha256:659fb5809fa4629b8a1ac5106f669cfc7bef26fbb389dda53b3e010d1ac4ebae",
                "sha256:660c94ea760b3ce47d1855a30984c78327500493d396eac4dfd8bd82041b22be",
                "sha256:66a3de4a3ec06cd8af3f61b8e1ec67614fbb7c995d02fa224813cb7afefee701",
                "sha256:721532711daa7db0d8b779b0bb0318fa87af1c10d7fe5e52ef30f8eff254d0cd",
                "sha256:7322c3d6f1766d4ef1e51a465f47955f1e8123caee67dd641e67d539a534d006",
                "sha256:79a31b086e7e68b24b99b23d57723ef7e2c6d81ed21007b6281ebcd1688acb0a",
                "sha256:81fc4d08b062b535d95c9ea70dbe8a335c45c04029878e62d744bdced5141586",
                "sha256:8fa02eaab317b1e9e03f69aab1f91e120e7899b392c4fc19807a8278a07a97e8",
                "sha256:9090d8e53235aa280fc9239a86ae3ea8ac58eff66a705fa6aa2ec4968b95c821",
                "sha256:946d27deaff6cf8452ed0dba83ba38839a87f4f7a9732e8f9fd4107b21e6ff07",
                "sha256:9990d8e71b9f6488e91ad25f322898c136b008d87bf852ff65391b004da5e17b",
                "sha256:9cd077f3d04a58e83d04b20e334f678c2b0ff9879b9375ed107d5d07ff160171",
                "sha256:9e7551208b2aded9c1447453ee366f1c4070602b3d932ace044715d89666899b",
                "sha256:9f5fa4a61ce2438267163891961cfd5e32ec97a2c444e5b842d574251ade27d2",
                "sha256:b40387277b0ed2d0602b8293b94d7257e17d1479e257b4de114ea11a8cb7f2d7",
                "sha256:bfb38f9ffb53b942f2b5954e0f610f1e721ccebe9cce9025a38c8ccf4a5183a4",
                "sha256:cbf9b082426036e19c6924a9ce90c740a9861e2bdc27a4834fd0a910742ac1e8",
                "sha256:d9e25ef10a39e8afe59a5c348a4dbf29b4868ab76269f81ce1674494e2565a6e",
                "sha256:db1c1722726f47e10e0b5fdbf15ac3b8adb58c091d12b3ab713965795036985f",
                "sha256:e7c21c95cae3c05c14aafffe2865bbd5e377cfc1348c4f7751d9dc9a48ca4bda",
                "sha256:e8c6cfb338b133fbdbc5cfaa10fe3c6aeea827db80c978dbd13bc9dd8526b7d4",
                "sha256:ea806fd4c37bf7e7ad82537b0757999264d5f70c45468447bb2b91afdbe73a6e",
                "sha256:edd20c5a55acb67c7ed471fa2b5fb66cb17f61430b7a6b9c3b4a1e40293b1671",
                "sha256:f0117049dd1d5635bbff65444496c90e0baa48ea405125c088e93d9cf4525b11",
                "sha256:f0705c376533ed2a9e5e97aacdbfe04cecd71e0aa84c7c0595d02ef93b6e4455",
                "sha256:f12ad7126ae0c98d601a7ee504c1122bcef553d1d5e0c3bfa77b16b3968d2734",
                "sha256:f2457189d8257dd41ae9b434ba33298aec198e30adf2dcdaaa3a28b9994f6adb",
                "sha256:f699ac1c768270c9e384e4cbd268d6e67aebcfae6cd623b4d7c3bfde5a35db59"
            ],
            "markers": "python_version >= '3.7'",
            "version": "==1.9.0"
        },
        "mccabe": {
            "hashes": [
                "sha256:ab8a6258860da4b6677da4bd2fe5dc2c659cff31b3ee4f7f5d64e79735b80d42",
                "sha256:dd8d182285a0fe56bace7f45b5e7d1a6ebcbf524e8f3bd87eb0f125271b8831f"
            ],
            "version": "==0.6.1"
        },
        "mypy-extensions": {
            "hashes": [
                "sha256:4392f6c0eb8a5668a69e23d168ffa70f0be9ccfd32b5cc2d26a34ae5b844552d",
                "sha256:75dbf8955dc00442a438fc4d0666508a9a97b6bd41aa2f0ffe9d2f2725af0782"
            ],
            "markers": "python_version >= '3.5'",
            "version": "==1.0.0"
        },
        "nh3": {
            "hashes": [
                "sha256:116c9515937f94f0057ef50ebcbcc10600860065953ba56f14473ff706371873",
                "sha256:18415df36db9b001f71a42a3a5395db79cf23d556996090d293764436e98e8ad",
                "sha256:203cac86e313cf6486704d0ec620a992c8bc164c86d3a4fd3d761dd552d839b5",
                "sha256:2b0be5c792bd43d0abef8ca39dd8acb3c0611052ce466d0401d51ea0d9aa7525",
                "sha256:377aaf6a9e7c63962f367158d808c6a1344e2b4f83d071c43fbd631b75c4f0b2",
                "sha256:525846c56c2bcd376f5eaee76063ebf33cf1e620c1498b2a40107f60cfc6054e",
                "sha256:5529a3bf99402c34056576d80ae5547123f1078da76aa99e8ed79e44fa67282d",
                "sha256:7771d43222b639a4cd9e341f870cee336b9d886de1ad9bec8dddab22fe1de450",
                "sha256:88c753efbcdfc2644a5012938c6b9753f1c64a5723a67f0301ca43e7b85dcf0e",
                "sha256:93a943cfd3e33bd03f77b97baa11990148687877b74193bf777956b67054dcc6",
                "sha256:9be2f68fb9a40d8440cbf34cbf40758aa7f6093160bfc7fb018cce8e424f0c3a",
                "sha256:a0c509894fd4dccdff557068e5074999ae3b75f4c5a2d6fb5415e782e25679c4",
                "sha256:ac8056e937f264995a82bf0053ca898a1cb1c9efc7cd68fa07fe0060734df7e4",
                "sha256:aed56a86daa43966dd790ba86d4b810b219f75b4bb737461b6886ce2bde38fd6",
                "sha256:e8986f1dd3221d1e741fda0a12eaa4a273f1d80a35e31a1ffe579e7c621d069e",
                "sha256:f99212a81c62b5f22f9e7c3e347aa00491114a5647e1f13bbebd79c3e5f08d75"
            ],
            "version": "==0.2.14"
        },
        "packaging": {
            "hashes": [
                "sha256:2ddfb553fdf02fb784c234c7ba6ccc288296ceabec964ad2eae3777778130bc5",
                "sha256:eb82c5e3e56209074766e6885bb04b8c38a0c015d0a30036ebe7ece34c9989e9"
            ],
            "markers": "python_version >= '3.7'",
            "version": "==24.0"
        },
        "pathspec": {
            "hashes": [
                "sha256:a0d503e138a4c123b27490a4f7beda6a01c6f288df0e4a8b79c7eb0dc7b4cc08",
                "sha256:a482d51503a1ab33b1c67a6c3813a26953dbdc71c31dacaef9a838c4e29f5712"
            ],
            "markers": "python_version >= '3.8'",
            "version": "==0.12.1"
        },
        "pkginfo": {
            "hashes": [
                "sha256:4b7a555a6d5a22169fcc9cf7bfd78d296b0361adad412a346c1226849af5e546",
                "sha256:8fd5896e8718a4372f0ea9cc9d96f6417c9b986e23a4d116dda26b62cc29d046"
            ],
            "markers": "python_version >= '3.6'",
            "version": "==1.9.6"
        },
        "platformdirs": {
            "hashes": [
                "sha256:0614df2a2f37e1a662acbd8e2b25b92ccf8632929bc6d43467e17fe89c75e068",
                "sha256:ef0cc731df711022c174543cb70a9b5bd22e5a9337c8624ef2c2ceb8ddad8768"
            ],
            "markers": "python_version >= '3.8'",
            "version": "==4.2.0"
        },
        "pycodestyle": {
            "hashes": [
                "sha256:95a2219d12372f05704562a14ec30bc76b05a5b297b21a5dfe3f6fac3491ae56",
                "sha256:e40a936c9a450ad81df37f549d676d127b1b66000a6c500caa2b085bc0ca976c"
            ],
            "markers": "python_version >= '2.7' and python_version not in '3.0, 3.1, 3.2, 3.3'",
            "version": "==2.5.0"
        },
        "pyflakes": {
            "hashes": [
                "sha256:17dbeb2e3f4d772725c777fabc446d5634d1038f234e77343108ce445ea69ce0",
                "sha256:d976835886f8c5b31d47970ed689944a0262b5f3afa00a5a7b4dc81e5449f8a2"
            ],
            "markers": "python_version >= '2.7' and python_version not in '3.0, 3.1, 3.2, 3.3'",
            "version": "==2.1.1"
        },
        "pygments": {
            "hashes": [
                "sha256:13fc09fa63bc8d8671a6d247e1eb303c4b343eaee81d861f3404db2935653692",
                "sha256:1daff0494820c69bc8941e407aa20f577374ee88364ee10a98fdbe0aece96e29"
            ],
            "markers": "python_version >= '3.7'",
            "version": "==2.16.1"
        },
        "pylint": {
            "hashes": [
                "sha256:5d77031694a5fb97ea95e828c8d10fc770a1df6eb3906067aaed42201a8a6a09",
                "sha256:723e3db49555abaf9bf79dc474c6b9e2935ad82230b10c1138a71ea41ac0fff1"
            ],
            "index": "pypi",
            "markers": "python_version >= '3.4'",
            "version": "==2.3.1"
        },
        "readme-renderer": {
            "hashes": [
                "sha256:13d039515c1f24de668e2c93f2e877b9dbe6c6c32328b90a40a49d8b2b85f36d",
                "sha256:2d55489f83be4992fe4454939d1a051c33edbab778e82761d060c9fc6b308cd1"
            ],
            "markers": "python_version >= '3.8'",
            "version": "==42.0"
        },
        "requests": {
            "hashes": [
                "sha256:f2c3881dddb70d056c5bd7600a4fae312b2a300e39be6a118d30b90bd27262b5",
                "sha256:fa5490319474c82ef1d2c9bc459d3652e3ae4ef4c4ebdd18a21145a47ca4b6b8"
            ],
            "index": "pypi",
            "markers": "python_version >= '3.8'",
            "version": "==2.32.0"
        },
        "requests-toolbelt": {
            "hashes": [
                "sha256:7681a0a3d047012b5bdc0ee37d7f8f07ebe76ab08caeccfc3921ce23c88d5bc6",
                "sha256:cccfdd665f0a24fcf4726e690f65639d272bb0637b9b92dfd91a5568ccf6bd06"
            ],
            "markers": "python_version >= '2.7' and python_version not in '3.0, 3.1, 3.2, 3.3'",
            "version": "==1.0.0"
        },
        "setuptools": {
            "hashes": [
                "sha256:4ac1475276d2f1c48684874089fefcd83bd7162ddaafb81fac866ba0db282a87",
                "sha256:b454a35605876da60632df1a60f736524eb73cc47bbc9f3f1ef1b644de74fd2a"
            ],
            "markers": "python_version >= '3.8'",
            "version": "==68.2.2"
        },
        "toml": {
            "hashes": [
                "sha256:806143ae5bfb6a3c6e736a764057db0e6a0e05e338b5630894a5f779cabb4f9b",
                "sha256:b3bda1d108d5dd99f4a20d24d9c348e91c4db7ab1b749200bded2f839ccbe68f"
            ],
            "markers": "python_version >= '2.6' and python_version not in '3.0, 3.1, 3.2, 3.3'",
            "version": "==0.10.2"
        },
        "tqdm": {
            "hashes": [
                "sha256:23097a41eba115ba99ecae40d06444c15d1c0c698d527a01c6c8bd1c5d0647e5",
                "sha256:4f41d54107ff9a223dca80b53efe4fb654c67efaba7f47bada3ee9d50e05bd53"
            ],
            "index": "pypi",
            "markers": "python_version >= '3.7'",
            "version": "==4.66.3"
        },
        "twine": {
            "hashes": [
                "sha256:b2cec0dc1ac55bd74280d257f43763cf0cf928bdcd0de0fd70be70aa1195e3b0",
                "sha256:e37d5a73d77b095b85314dde807bfb85b580b5b9d137f5b21332f4636990d97a"
            ],
            "index": "pypi",
            "markers": "python_version >= '2.7' and python_version not in '3.0, 3.1, 3.2, 3.3'",
            "version": "==1.14.0"
        },
        "urllib3": {
            "hashes": [
                "sha256:a448b2f64d686155468037e1ace9f2d2199776e17f0a46610480d311f73e3472",
                "sha256:dd505485549a7a552833da5e6063639d0d177c04f23bc3864e41e5dc5f612168"
            ],
            "index": "pypi",
            "markers": "python_version >= '3.8'",
            "version": "==2.2.2"
        },
        "wrapt": {
            "hashes": [
                "sha256:02fce1852f755f44f95af51f69d22e45080102e9d00258053b79367d07af39c0",
                "sha256:077ff0d1f9d9e4ce6476c1a924a3332452c1406e59d90a2cf24aeb29eeac9420",
                "sha256:078e2a1a86544e644a68422f881c48b84fef6d18f8c7a957ffd3f2e0a74a0d4a",
                "sha256:0970ddb69bba00670e58955f8019bec4a42d1785db3faa043c33d81de2bf843c",
                "sha256:1286eb30261894e4c70d124d44b7fd07825340869945c79d05bda53a40caa079",
                "sha256:21f6d9a0d5b3a207cdf7acf8e58d7d13d463e639f0c7e01d82cdb671e6cb7923",
                "sha256:230ae493696a371f1dbffaad3dafbb742a4d27a0afd2b1aecebe52b740167e7f",
                "sha256:26458da5653aa5b3d8dc8b24192f574a58984c749401f98fff994d41d3f08da1",
                "sha256:2cf56d0e237280baed46f0b5316661da892565ff58309d4d2ed7dba763d984b8",
                "sha256:2e51de54d4fb8fb50d6ee8327f9828306a959ae394d3e01a1ba8b2f937747d86",
                "sha256:2fbfbca668dd15b744418265a9607baa970c347eefd0db6a518aaf0cfbd153c0",
                "sha256:38adf7198f8f154502883242f9fe7333ab05a5b02de7d83aa2d88ea621f13364",
                "sha256:3a8564f283394634a7a7054b7983e47dbf39c07712d7b177b37e03f2467a024e",
                "sha256:3abbe948c3cbde2689370a262a8d04e32ec2dd4f27103669a45c6929bcdbfe7c",
                "sha256:3bbe623731d03b186b3d6b0d6f51865bf598587c38d6f7b0be2e27414f7f214e",
                "sha256:40737a081d7497efea35ab9304b829b857f21558acfc7b3272f908d33b0d9d4c",
                "sha256:41d07d029dd4157ae27beab04d22b8e261eddfc6ecd64ff7000b10dc8b3a5727",
                "sha256:46ed616d5fb42f98630ed70c3529541408166c22cdfd4540b88d5f21006b0eff",
                "sha256:493d389a2b63c88ad56cdc35d0fa5752daac56ca755805b1b0c530f785767d5e",
                "sha256:4ff0d20f2e670800d3ed2b220d40984162089a6e2c9646fdb09b85e6f9a8fc29",
                "sha256:54accd4b8bc202966bafafd16e69da9d5640ff92389d33d28555c5fd4f25ccb7",
                "sha256:56374914b132c702aa9aa9959c550004b8847148f95e1b824772d453ac204a72",
                "sha256:578383d740457fa790fdf85e6d346fda1416a40549fe8db08e5e9bd281c6a475",
                "sha256:58d7a75d731e8c63614222bcb21dd992b4ab01a399f1f09dd82af17bbfc2368a",
                "sha256:5c5aa28df055697d7c37d2099a7bc09f559d5053c3349b1ad0c39000e611d317",
                "sha256:5fc8e02f5984a55d2c653f5fea93531e9836abbd84342c1d1e17abc4a15084c2",
                "sha256:63424c681923b9f3bfbc5e3205aafe790904053d42ddcc08542181a30a7a51bd",
                "sha256:64b1df0f83706b4ef4cfb4fb0e4c2669100fd7ecacfb59e091fad300d4e04640",
                "sha256:74934ebd71950e3db69960a7da29204f89624dde411afbfb3b4858c1409b1e98",
                "sha256:75669d77bb2c071333417617a235324a1618dba66f82a750362eccbe5b61d248",
                "sha256:75760a47c06b5974aa5e01949bf7e66d2af4d08cb8c1d6516af5e39595397f5e",
                "sha256:76407ab327158c510f44ded207e2f76b657303e17cb7a572ffe2f5a8a48aa04d",
                "sha256:76e9c727a874b4856d11a32fb0b389afc61ce8aaf281ada613713ddeadd1cfec",
                "sha256:77d4c1b881076c3ba173484dfa53d3582c1c8ff1f914c6461ab70c8428b796c1",
                "sha256:780c82a41dc493b62fc5884fb1d3a3b81106642c5c5c78d6a0d4cbe96d62ba7e",
                "sha256:7dc0713bf81287a00516ef43137273b23ee414fe41a3c14be10dd95ed98a2df9",
                "sha256:7eebcdbe3677e58dd4c0e03b4f2cfa346ed4049687d839adad68cc38bb559c92",
                "sha256:896689fddba4f23ef7c718279e42f8834041a21342d95e56922e1c10c0cc7afb",
                "sha256:96177eb5645b1c6985f5c11d03fc2dbda9ad24ec0f3a46dcce91445747e15094",
                "sha256:96e25c8603a155559231c19c0349245eeb4ac0096fe3c1d0be5c47e075bd4f46",
                "sha256:9d37ac69edc5614b90516807de32d08cb8e7b12260a285ee330955604ed9dd29",
                "sha256:9ed6aa0726b9b60911f4aed8ec5b8dd7bf3491476015819f56473ffaef8959bd",
                "sha256:a487f72a25904e2b4bbc0817ce7a8de94363bd7e79890510174da9d901c38705",
                "sha256:a4cbb9ff5795cd66f0066bdf5947f170f5d63a9274f99bdbca02fd973adcf2a8",
                "sha256:a74d56552ddbde46c246b5b89199cb3fd182f9c346c784e1a93e4dc3f5ec9975",
                "sha256:a89ce3fd220ff144bd9d54da333ec0de0399b52c9ac3d2ce34b569cf1a5748fb",
                "sha256:abd52a09d03adf9c763d706df707c343293d5d106aea53483e0ec8d9e310ad5e",
                "sha256:abd8f36c99512755b8456047b7be10372fca271bf1467a1caa88db991e7c421b",
                "sha256:af5bd9ccb188f6a5fdda9f1f09d9f4c86cc8a539bd48a0bfdc97723970348418",
                "sha256:b02f21c1e2074943312d03d243ac4388319f2456576b2c6023041c4d57cd7019",
                "sha256:b06fa97478a5f478fb05e1980980a7cdf2712015493b44d0c87606c1513ed5b1",
                "sha256:b0724f05c396b0a4c36a3226c31648385deb6a65d8992644c12a4963c70326ba",
                "sha256:b130fe77361d6771ecf5a219d8e0817d61b236b7d8b37cc045172e574ed219e6",
                "sha256:b56d5519e470d3f2fe4aa7585f0632b060d532d0696c5bdfb5e8319e1d0f69a2",
                "sha256:b67b819628e3b748fd3c2192c15fb951f549d0f47c0449af0764d7647302fda3",
                "sha256:ba1711cda2d30634a7e452fc79eabcadaffedf241ff206db2ee93dd2c89a60e7",
                "sha256:bbeccb1aa40ab88cd29e6c7d8585582c99548f55f9b2581dfc5ba68c59a85752",
                "sha256:bd84395aab8e4d36263cd1b9308cd504f6cf713b7d6d3ce25ea55670baec5416",
                "sha256:c99f4309f5145b93eca6e35ac1a988f0dc0a7ccf9ccdcd78d3c0adf57224e62f",
                "sha256:ca1cccf838cd28d5a0883b342474c630ac48cac5df0ee6eacc9c7290f76b11c1",
                "sha256:cd525e0e52a5ff16653a3fc9e3dd827981917d34996600bbc34c05d048ca35cc",
                "sha256:cdb4f085756c96a3af04e6eca7f08b1345e94b53af8921b25c72f096e704e145",
                "sha256:ce42618f67741d4697684e501ef02f29e758a123aa2d669e2d964ff734ee00ee",
                "sha256:d06730c6aed78cee4126234cf2d071e01b44b915e725a6cb439a879ec9754a3a",
                "sha256:d5fe3e099cf07d0fb5a1e23d399e5d4d1ca3e6dfcbe5c8570ccff3e9208274f7",
                "sha256:d6bcbfc99f55655c3d93feb7ef3800bd5bbe963a755687cbf1f490a71fb7794b",
                "sha256:d787272ed958a05b2c86311d3a4135d3c2aeea4fc655705f074130aa57d71653",
                "sha256:e169e957c33576f47e21864cf3fc9ff47c223a4ebca8960079b8bd36cb014fd0",
                "sha256:e20076a211cd6f9b44a6be58f7eeafa7ab5720eb796975d0c03f05b47d89eb90",
                "sha256:e826aadda3cae59295b95343db8f3d965fb31059da7de01ee8d1c40a60398b29",
                "sha256:eef4d64c650f33347c1f9266fa5ae001440b232ad9b98f1f43dfe7a79435c0a6",
                "sha256:f2e69b3ed24544b0d3dbe2c5c0ba5153ce50dcebb576fdc4696d52aa22db6034",
                "sha256:f87ec75864c37c4c6cb908d282e1969e79763e0d9becdfe9fe5473b7bb1e5f09",
                "sha256:fbec11614dba0424ca72f4e8ba3c420dba07b4a7c206c8c8e4e73f2e98f4c559",
                "sha256:fd69666217b62fa5d7c6aa88e507493a34dec4fa20c5bd925e4bc12fce586639"
            ],
            "markers": "python_version >= '3.11'",
            "version": "==1.15.0"
        }
    }
}
